
Microsoft Visual Studio Solution File, Format Version 12.00
# Visual Studio Version 16
VisualStudioVersion = 16.0.31729.503
MinimumVisualStudioVersion = 10.0.40219.1
Project("{FAE04EC0-301F-11D3-BF4B-00C04F79EFBC}") = "FactoryDesingPattern", "FactoryDesingPattern\FactoryDesingPattern.csproj", "{FB6847C8-906B-4050-B0C9-54B267A2B689}"
EndProject
Global
	GlobalSection(SolutionConfigurationPlatforms) = preSolution
		Debug|Any CPU = Debug|Any CPU
		Release|Any CPU = Release|Any CPU
	EndGlobalSection
	GlobalSection(ProjectConfigurationPlatforms) = postSolution
		{FB6847C8-906B-4050-B0C9-54B267A2B689}.Debug|Any CPU.ActiveCfg = Debug|Any CPU
		{FB6847C8-906B-4050-B0C9-54B267A2B689}.Debug|Any CPU.Build.0 = Debug|Any CPU
		{FB6847C8-906B-4050-B0C9-54B267A2B689}.Release|Any CPU.ActiveCfg = Release|Any CPU
		{FB6847C8-906B-4050-B0C9-54B267A2B689}.Release|Any CPU.Build.0 = Release|Any CPU
	EndGlobalSection
	GlobalSection(SolutionProperties) = preSolution
		HideSolutionNode = FALSE
	EndGlobalSection
	GlobalSection(ExtensibilityGlobals) = postSolution
		SolutionGuid = {C7CFE3D9-F949-4612-A972-13E27DA1DE68}
	EndGlobalSection
EndGlobal
